<?xml version="1.0" encoding="UTF-8"?>
<!DOCTYPE plist PUBLIC "-//Apple//DTD PLIST 1.0//EN" "http://www.apple.com/DTDs/PropertyList-1.0.dtd">
<plist version="1.0">
<dict>
	<key>archiveVersion</key>
	<string>1</string>
	<key>classes</key>
	<dict/>
	<key>objectVersion</key>
	<string>46</string>
	<key>objects</key>
	<dict>
		<key>17AE4966A0C431F60D80FE38</key>
		<dict>
			<key>buildActionMask</key>
			<string>2147483647</string>
			<key>files</key>
			<array/>
			<key>inputPaths</key>
			<array/>
			<key>isa</key>
			<string>PBXShellScriptBuildPhase</string>
			<key>name</key>
			<string>Find unused imports</string>
			<key>outputPaths</key>
			<array/>
			<key>runOnlyForDeploymentPostprocessing</key>
			<string>0</string>
			<key>shellPath</key>
			<string>/bin/sh</string>
			<key>shellScript</key>
			<string>/bin/sh "/Users/catigbek/Library/Application Support/Developer/Shared/Xcode/Plug-ins/xcfui.xcplugin/Contents/Resources/fui_script.sh" "/Users/catigbek/Development/ISHPermissionKit"</string>
			<key>showEnvVarsInLog</key>
			<string>1</string>
		</dict>
		<key>1B09129C1963F2BF00D69D3B</key>
		<dict>
			<key>containerPortal</key>
			<string>DCC1BF9C195B174200362559</string>
			<key>isa</key>
			<string>PBXContainerItemProxy</string>
			<key>proxyType</key>
			<string>1</string>
			<key>remoteGlobalIDString</key>
			<string>DCAEF7C9195C60070074EB5B</string>
			<key>remoteInfo</key>
			<string>ISHPermissionKitLib</string>
		</dict>
		<key>1B09129D1963F2BF00D69D3B</key>
		<dict>
			<key>isa</key>
			<string>PBXTargetDependency</string>
			<key>target</key>
			<string>DCAEF7C9195C60070074EB5B</string>
			<key>targetProxy</key>
			<string>1B09129C1963F2BF00D69D3B</string>
		</dict>
		<key>1B09129E1963F2D800D69D3B</key>
		<dict>
			<key>containerPortal</key>
			<string>DCC1BF9C195B174200362559</string>
			<key>isa</key>
			<string>PBXContainerItemProxy</string>
			<key>proxyType</key>
			<string>1</string>
			<key>remoteGlobalIDString</key>
			<string>DCC1BFA4195B174200362559</string>
			<key>remoteInfo</key>
			<string>ISHPermissionKit</string>
		</dict>
		<key>1B09129F1963F2D800D69D3B</key>
		<dict>
			<key>isa</key>
			<string>PBXTargetDependency</string>
			<key>target</key>
			<string>DCC1BFA4195B174200362559</string>
			<key>targetProxy</key>
			<string>1B09129E1963F2D800D69D3B</string>
		</dict>
		<key>1B0912A01963F2DF00D69D3B</key>
		<dict>
			<key>containerPortal</key>
			<string>DCC1BF9C195B174200362559</string>
			<key>isa</key>
			<string>PBXContainerItemProxy</string>
			<key>proxyType</key>
			<string>1</string>
			<key>remoteGlobalIDString</key>
			<string>DCAEF7C9195C60070074EB5B</string>
			<key>remoteInfo</key>
			<string>ISHPermissionKitLib</string>
		</dict>
		<key>1B0912A11963F2DF00D69D3B</key>
		<dict>
			<key>isa</key>
			<string>PBXTargetDependency</string>
			<key>target</key>
			<string>DCAEF7C9195C60070074EB5B</string>
			<key>targetProxy</key>
			<string>1B0912A01963F2DF00D69D3B</string>
		</dict>
		<key>1B4CC53E19615DB500ECE149</key>
		<dict>
			<key>containerPortal</key>
			<string>DCC1BF9C195B174200362559</string>
			<key>isa</key>
			<string>PBXContainerItemProxy</string>
			<key>proxyType</key>
			<string>1</string>
			<key>remoteGlobalIDString</key>
			<string>DCC1BFA4195B174200362559</string>
			<key>remoteInfo</key>
			<string>ISHPermissionKit</string>
		</dict>
		<key>1B4CC53F19615DB500ECE149</key>
		<dict>
			<key>isa</key>
			<string>PBXTargetDependency</string>
			<key>target</key>
			<string>DCC1BFA4195B174200362559</string>
			<key>targetProxy</key>
			<string>1B4CC53E19615DB500ECE149</string>
		</dict>
		<key>1B87C1B41961A782001D85E7</key>
		<dict>
			<key>containerPortal</key>
			<string>DCC1BF9C195B174200362559</string>
			<key>isa</key>
			<string>PBXContainerItemProxy</string>
			<key>proxyType</key>
			<string>1</string>
			<key>remoteGlobalIDString</key>
			<string>DCC1BFA4195B174200362559</string>
			<key>remoteInfo</key>
			<string>ISHPermissionKit</string>
		</dict>
		<key>1B87C1B51961A782001D85E7</key>
		<dict>
			<key>isa</key>
			<string>PBXTargetDependency</string>
			<key>target</key>
			<string>DCC1BFA4195B174200362559</string>
			<key>targetProxy</key>
			<string>1B87C1B41961A782001D85E7</string>
		</dict>
		<key>1B87C1B61961A782001D85E7</key>
		<dict>
			<key>containerPortal</key>
			<string>DCC1BF9C195B174200362559</string>
			<key>isa</key>
			<string>PBXContainerItemProxy</string>
			<key>proxyType</key>
			<string>1</string>
			<key>remoteGlobalIDString</key>
			<string>DCC1BFA4195B174200362559</string>
			<key>remoteInfo</key>
			<string>ISHPermissionKit</string>
		</dict>
		<key>1B87C1B71961A782001D85E7</key>
		<dict>
			<key>isa</key>
			<string>PBXTargetDependency</string>
			<key>target</key>
			<string>DCC1BFA4195B174200362559</string>
			<key>targetProxy</key>
			<string>1B87C1B61961A782001D85E7</string>
		</dict>
		<key>1B87C1B81961A79C001D85E7</key>
		<dict>
			<key>containerPortal</key>
			<string>DCC1BF9C195B174200362559</string>
			<key>isa</key>
			<string>PBXContainerItemProxy</string>
			<key>proxyType</key>
			<string>1</string>
			<key>remoteGlobalIDString</key>
			<string>DCC1BFA4195B174200362559</string>
			<key>remoteInfo</key>
			<string>ISHPermissionKit</string>
		</dict>
		<key>1B87C1B91961A79C001D85E7</key>
		<dict>
			<key>isa</key>
			<string>PBXTargetDependency</string>
			<key>target</key>
			<string>DCC1BFA4195B174200362559</string>
			<key>targetProxy</key>
			<string>1B87C1B81961A79C001D85E7</string>
		</dict>
		<key>1B87C1BA1961AA5D001D85E7</key>
		<dict>
			<key>isa</key>
			<string>PBXFileReference</string>
			<key>lastKnownFileType</key>
			<string>text</string>
			<key>path</key>
			<string>LICENSE</string>
			<key>sourceTree</key>
			<string>&lt;group&gt;</string>
		</dict>
		<key>1B87C1BB1961AA5D001D85E7</key>
		<dict>
			<key>isa</key>
			<string>PBXFileReference</string>
			<key>lastKnownFileType</key>
			<string>net.daringfireball.markdown</string>
			<key>path</key>
			<string>README.md</string>
			<key>sourceTree</key>
			<string>&lt;group&gt;</string>
		</dict>
		<key>79F1353019BF912D00A93017</key>
		<dict>
			<key>fileEncoding</key>
			<string>4</string>
			<key>isa</key>
			<string>PBXFileReference</string>
			<key>lastKnownFileType</key>
			<string>sourcecode.c.objc</string>
			<key>path</key>
			<string>ISHPermissionRequestNotificationsRemote.m</string>
			<key>sourceTree</key>
			<string>&lt;group&gt;</string>
		</dict>
		<key>79F1353119BF912D00A93017</key>
		<dict>
			<key>fileEncoding</key>
			<string>4</string>
			<key>isa</key>
			<string>PBXFileReference</string>
			<key>lastKnownFileType</key>
			<string>sourcecode.c.h</string>
			<key>path</key>
			<string>ISHPermissionRequestNotificationsRemote.h</string>
			<key>sourceTree</key>
			<string>&lt;group&gt;</string>
		</dict>
		<key>79F1353219BF912D00A93017</key>
		<dict>
			<key>fileRef</key>
			<string>79F1353019BF912D00A93017</string>
			<key>isa</key>
			<string>PBXBuildFile</string>
		</dict>
		<key>79F1353319BF912D00A93017</key>
		<dict>
			<key>fileRef</key>
			<string>79F1353019BF912D00A93017</string>
			<key>isa</key>
			<string>PBXBuildFile</string>
		</dict>
		<key>79F1353419BF912D00A93017</key>
		<dict>
			<key>fileRef</key>
			<string>79F1353119BF912D00A93017</string>
			<key>isa</key>
			<string>PBXBuildFile</string>
		</dict>
		<key>79F1353519BF912D00A93017</key>
		<dict>
			<key>fileRef</key>
			<string>79F1353119BF912D00A93017</string>
			<key>isa</key>
			<string>PBXBuildFile</string>
		</dict>
		<key>DC1A80A1195B21DC0069235F</key>
		<dict>
			<key>fileEncoding</key>
			<string>4</string>
			<key>isa</key>
			<string>PBXFileReference</string>
			<key>lastKnownFileType</key>
			<string>sourcecode.c.h</string>
			<key>path</key>
			<string>ISHPermissionsViewController.h</string>
			<key>sourceTree</key>
			<string>&lt;group&gt;</string>
		</dict>
		<key>DC1A80A2195B21DC0069235F</key>
		<dict>
			<key>fileEncoding</key>
			<string>4</string>
			<key>isa</key>
			<string>PBXFileReference</string>
			<key>lastKnownFileType</key>
			<string>sourcecode.c.objc</string>
			<key>path</key>
			<string>ISHPermissionsViewController.m</string>
			<key>sourceTree</key>
			<string>&lt;group&gt;</string>
		</dict>
		<key>DC1A80A3195B21DC0069235F</key>
		<dict>
			<key>fileRef</key>
			<string>DC1A80A1195B21DC0069235F</string>
			<key>isa</key>
			<string>PBXBuildFile</string>
			<key>settings</key>
			<dict>
				<key>ATTRIBUTES</key>
				<array>
					<string>Public</string>
				</array>
			</dict>
		</dict>
		<key>DC1A80A4195B21DC0069235F</key>
		<dict>
			<key>fileRef</key>
			<string>DC1A80A2195B21DC0069235F</string>
			<key>isa</key>
			<string>PBXBuildFile</string>
		</dict>
		<key>DC1A80A8195B22A10069235F</key>
		<dict>
			<key>fileEncoding</key>
			<string>4</string>
			<key>isa</key>
			<string>PBXFileReference</string>
			<key>lastKnownFileType</key>
			<string>sourcecode.c.h</string>
			<key>path</key>
			<string>ISHPermissionCategory.h</string>
			<key>sourceTree</key>
			<string>&lt;group&gt;</string>
		</dict>
		<key>DC1A80A9195B22A10069235F</key>
		<dict>
			<key>fileRef</key>
			<string>DC1A80A8195B22A10069235F</string>
			<key>isa</key>
			<string>PBXBuildFile</string>
			<key>settings</key>
			<dict>
				<key>ATTRIBUTES</key>
				<array>
					<string>Public</string>
				</array>
			</dict>
		</dict>
		<key>DC1A80AA195B23640069235F</key>
		<dict>
			<key>fileEncoding</key>
			<string>4</string>
			<key>isa</key>
			<string>PBXFileReference</string>
			<key>lastKnownFileType</key>
			<string>sourcecode.c.h</string>
			<key>path</key>
			<string>ISHPermissionRequest.h</string>
			<key>sourceTree</key>
			<string>&lt;group&gt;</string>
		</dict>
		<key>DC1A80AB195B23640069235F</key>
		<dict>
			<key>fileEncoding</key>
			<string>4</string>
			<key>isa</key>
			<string>PBXFileReference</string>
			<key>lastKnownFileType</key>
			<string>sourcecode.c.objc</string>
			<key>path</key>
			<string>ISHPermissionRequest.m</string>
			<key>sourceTree</key>
			<string>&lt;group&gt;</string>
		</dict>
		<key>DC1A80AC195B23640069235F</key>
		<dict>
			<key>fileRef</key>
			<string>DC1A80AA195B23640069235F</string>
			<key>isa</key>
			<string>PBXBuildFile</string>
			<key>settings</key>
			<dict>
				<key>ATTRIBUTES</key>
				<array>
					<string>Public</string>
				</array>
			</dict>
		</dict>
		<key>DC1A80AD195B23640069235F</key>
		<dict>
			<key>fileRef</key>
			<string>DC1A80AB195B23640069235F</string>
			<key>isa</key>
			<string>PBXBuildFile</string>
		</dict>
		<key>DC1A80AE195B2C960069235F</key>
		<dict>
			<key>fileEncoding</key>
			<string>4</string>
			<key>isa</key>
			<string>PBXFileReference</string>
			<key>lastKnownFileType</key>
			<string>sourcecode.c.h</string>
			<key>path</key>
			<string>ISHPermissionRequestViewController.h</string>
			<key>sourceTree</key>
			<string>&lt;group&gt;</string>
		</dict>
		<key>DC1A80AF195B2C960069235F</key>
		<dict>
			<key>fileEncoding</key>
			<string>4</string>
			<key>isa</key>
			<string>PBXFileReference</string>
			<key>lastKnownFileType</key>
			<string>sourcecode.c.objc</string>
			<key>path</key>
			<string>ISHPermissionRequestViewController.m</string>
			<key>sourceTree</key>
			<string>&lt;group&gt;</string>
		</dict>
		<key>DC1A80B0195B2C960069235F</key>
		<dict>
			<key>fileRef</key>
			<string>DC1A80AE195B2C960069235F</string>
			<key>isa</key>
			<string>PBXBuildFile</string>
			<key>settings</key>
			<dict>
				<key>ATTRIBUTES</key>
				<array>
					<string>Public</string>
				</array>
			</dict>
		</dict>
		<key>DC1A80B1195B2C960069235F</key>
		<dict>
			<key>fileRef</key>
			<string>DC1A80AF195B2C960069235F</string>
			<key>isa</key>
			<string>PBXBuildFile</string>
		</dict>
		<key>DC5E5BAC195D67500092EAFD</key>
		<dict>
			<key>fileEncoding</key>
			<string>4</string>
			<key>isa</key>
			<string>PBXFileReference</string>
			<key>lastKnownFileType</key>
			<string>sourcecode.c.h</string>
			<key>path</key>
			<string>ISHPermissionRequestMicrophone.h</string>
			<key>sourceTree</key>
			<string>&lt;group&gt;</string>
		</dict>
		<key>DC5E5BAD195D67500092EAFD</key>
		<dict>
			<key>fileEncoding</key>
			<string>4</string>
			<key>isa</key>
			<string>PBXFileReference</string>
			<key>lastKnownFileType</key>
			<string>sourcecode.c.objc</string>
			<key>path</key>
			<string>ISHPermissionRequestMicrophone.m</string>
			<key>sourceTree</key>
			<string>&lt;group&gt;</string>
		</dict>
		<key>DC5E5BAE195D67500092EAFD</key>
		<dict>
			<key>fileRef</key>
			<string>DC5E5BAC195D67500092EAFD</string>
			<key>isa</key>
			<string>PBXBuildFile</string>
		</dict>
		<key>DC5E5BAF195D67500092EAFD</key>
		<dict>
			<key>fileRef</key>
			<string>DC5E5BAD195D67500092EAFD</string>
			<key>isa</key>
			<string>PBXBuildFile</string>
		</dict>
		<key>DC5E5BB0195D67500092EAFD</key>
		<dict>
			<key>fileRef</key>
			<string>DC5E5BAD195D67500092EAFD</string>
			<key>isa</key>
			<string>PBXBuildFile</string>
		</dict>
		<key>DC5E5BB1195D6E890092EAFD</key>
		<dict>
			<key>fileEncoding</key>
			<string>4</string>
			<key>isa</key>
			<string>PBXFileReference</string>
			<key>lastKnownFileType</key>
			<string>sourcecode.c.h</string>
			<key>path</key>
			<string>ISHPermissionRequestPhotoLibrary.h</string>
			<key>sourceTree</key>
			<string>&lt;group&gt;</string>
		</dict>
		<key>DC5E5BB2195D6E890092EAFD</key>
		<dict>
			<key>fileEncoding</key>
			<string>4</string>
			<key>isa</key>
			<string>PBXFileReference</string>
			<key>lastKnownFileType</key>
			<string>sourcecode.c.objc</string>
			<key>path</key>
			<string>ISHPermissionRequestPhotoLibrary.m</string>
			<key>sourceTree</key>
			<string>&lt;group&gt;</string>
		</dict>
		<key>DC5E5BB3195D6E890092EAFD</key>
		<dict>
			<key>fileRef</key>
			<string>DC5E5BB1195D6E890092EAFD</string>
			<key>isa</key>
			<string>PBXBuildFile</string>
		</dict>
		<key>DC5E5BB4195D6E890092EAFD</key>
		<dict>
			<key>fileRef</key>
			<string>DC5E5BB2195D6E890092EAFD</string>
			<key>isa</key>
			<string>PBXBuildFile</string>
		</dict>
		<key>DC5E5BB5195D6E890092EAFD</key>
		<dict>
			<key>fileRef</key>
			<string>DC5E5BB2195D6E890092EAFD</string>
			<key>isa</key>
			<string>PBXBuildFile</string>
		</dict>
		<key>DC5E5BB6195D78800092EAFD</key>
		<dict>
			<key>fileEncoding</key>
			<string>4</string>
			<key>isa</key>
			<string>PBXFileReference</string>
			<key>lastKnownFileType</key>
			<string>sourcecode.c.h</string>
			<key>path</key>
			<string>ISHPermissionRequestPhotoCamera.h</string>
			<key>sourceTree</key>
			<string>&lt;group&gt;</string>
		</dict>
		<key>DC5E5BB7195D78800092EAFD</key>
		<dict>
			<key>fileEncoding</key>
			<string>4</string>
			<key>isa</key>
			<string>PBXFileReference</string>
			<key>lastKnownFileType</key>
			<string>sourcecode.c.objc</string>
			<key>path</key>
			<string>ISHPermissionRequestPhotoCamera.m</string>
			<key>sourceTree</key>
			<string>&lt;group&gt;</string>
		</dict>
		<key>DC5E5BB8195D78800092EAFD</key>
		<dict>
			<key>fileRef</key>
			<string>DC5E5BB6195D78800092EAFD</string>
			<key>isa</key>
			<string>PBXBuildFile</string>
		</dict>
		<key>DC5E5BB9195D78800092EAFD</key>
		<dict>
			<key>fileRef</key>
			<string>DC5E5BB7195D78800092EAFD</string>
			<key>isa</key>
			<string>PBXBuildFile</string>
		</dict>
		<key>DC5E5BBA195D78800092EAFD</key>
		<dict>
			<key>fileRef</key>
			<string>DC5E5BB7195D78800092EAFD</string>
			<key>isa</key>
			<string>PBXBuildFile</string>
		</dict>
		<key>DC5E5BC1195DAD750092EAFD</key>
		<dict>
			<key>fileEncoding</key>
			<string>4</string>
			<key>isa</key>
			<string>PBXFileReference</string>
			<key>lastKnownFileType</key>
			<string>sourcecode.c.h</string>
			<key>path</key>
			<string>ISHPermissionRequestNotificationsLocal.h</string>
			<key>sourceTree</key>
			<string>&lt;group&gt;</string>
		</dict>
		<key>DC5E5BC2195DAD750092EAFD</key>
		<dict>
			<key>fileEncoding</key>
			<string>4</string>
			<key>isa</key>
			<string>PBXFileReference</string>
			<key>lastKnownFileType</key>
			<string>sourcecode.c.objc</string>
			<key>path</key>
			<string>ISHPermissionRequestNotificationsLocal.m</string>
			<key>sourceTree</key>
			<string>&lt;group&gt;</string>
		</dict>
		<key>DC5E5BC3195DAD750092EAFD</key>
		<dict>
			<key>fileRef</key>
			<string>DC5E5BC1195DAD750092EAFD</string>
			<key>isa</key>
			<string>PBXBuildFile</string>
			<key>settings</key>
			<dict>
				<key>ATTRIBUTES</key>
				<array>
					<string>Public</string>
				</array>
			</dict>
		</dict>
		<key>DC5E5BC4195DAD750092EAFD</key>
		<dict>
			<key>fileRef</key>
			<string>DC5E5BC2195DAD750092EAFD</string>
			<key>isa</key>
			<string>PBXBuildFile</string>
		</dict>
		<key>DC5E5BC5195DAD770092EAFD</key>
		<dict>
			<key>fileRef</key>
			<string>DC5E5BC2195DAD750092EAFD</string>
			<key>isa</key>
			<string>PBXBuildFile</string>
		</dict>
		<key>DC5E5BC6195DC1F30092EAFD</key>
		<dict>
			<key>isa</key>
			<string>PBXFileReference</string>
			<key>lastKnownFileType</key>
			<string>sourcecode.c.h</string>
			<key>path</key>
			<string>ISHPermissionRequest+Private.h</string>
			<key>sourceTree</key>
			<string>&lt;group&gt;</string>
		</dict>
		<key>DC5E5BC7195DC1F50092EAFD</key>
		<dict>
			<key>fileRef</key>
			<string>DC5E5BC6195DC1F30092EAFD</string>
			<key>isa</key>
			<string>PBXBuildFile</string>
		</dict>
		<key>DC6A8A7C19633164005AC5BD</key>
		<dict>
			<key>buildActionMask</key>
			<string>2147483647</string>
			<key>files</key>
			<array>
				<string>DC6A8ACE19641549005AC5BD</string>
				<string>DC6A8A7E19633180005AC5BD</string>
				<string>DC6A8A8419633180005AC5BD</string>
				<string>DC6A8A8019633180005AC5BD</string>
				<string>DC6A8A8219633180005AC5BD</string>
				<string>DC6A8A7D19633180005AC5BD</string>
				<string>DC6A8A8319633180005AC5BD</string>
				<string>DC6A8A8619633180005AC5BD</string>
				<string>DC6A8A8B19633180005AC5BD</string>
				<string>DC6A8AD419642793005AC5BD</string>
				<string>79F1353519BF912D00A93017</string>
				<string>DC6A8A7F19633180005AC5BD</string>
				<string>DC6A8A8119633180005AC5BD</string>
				<string>DC6A8A8519633180005AC5BD</string>
				<string>DC6A8A8819633180005AC5BD</string>
				<string>DC6A8A8919633180005AC5BD</string>
				<string>DC6A8A8A19633180005AC5BD</string>
				<string>DC6A8A8C19633180005AC5BD</string>
				<string>DC6A8A8D19633180005AC5BD</string>
			</array>
			<key>isa</key>
			<string>PBXHeadersBuildPhase</string>
			<key>runOnlyForDeploymentPostprocessing</key>
			<string>0</string>
		</dict>
		<key>DC6A8A7D19633180005AC5BD</key>
		<dict>
			<key>fileRef</key>
			<string>DC1A80A8195B22A10069235F</string>
			<key>isa</key>
			<string>PBXBuildFile</string>
			<key>settings</key>
			<dict>
				<key>ATTRIBUTES</key>
				<array>
					<string>Public</string>
				</array>
			</dict>
		</dict>
		<key>DC6A8A7E19633180005AC5BD</key>
		<dict>
			<key>fileRef</key>
			<string>DCC1BFAA195B174200362559</string>
			<key>isa</key>
			<string>PBXBuildFile</string>
			<key>settings</key>
			<dict>
				<key>ATTRIBUTES</key>
				<array>
					<string>Public</string>
				</array>
			</dict>
		</dict>
		<key>DC6A8A7F19633180005AC5BD</key>
		<dict>
			<key>fileRef</key>
			<string>DC799EB3195C0CF300A0CA36</string>
			<key>isa</key>
			<string>PBXBuildFile</string>
		</dict>
		<key>DC6A8A8019633180005AC5BD</key>
		<dict>
			<key>fileRef</key>
			<string>DC1A80AE195B2C960069235F</string>
			<key>isa</key>
			<string>PBXBuildFile</string>
			<key>settings</key>
			<dict>
				<key>ATTRIBUTES</key>
				<array>
					<string>Public</string>
				</array>
			</dict>
		</dict>
		<key>DC6A8A8119633180005AC5BD</key>
		<dict>
			<key>fileRef</key>
			<string>DC799EB5195C113900A0CA36</string>
			<key>isa</key>
			<string>PBXBuildFile</string>
		</dict>
		<key>DC6A8A8219633180005AC5BD</key>
		<dict>
			<key>fileRef</key>
			<string>DC1A80A1195B21DC0069235F</string>
			<key>isa</key>
			<string>PBXBuildFile</string>
			<key>settings</key>
			<dict>
				<key>ATTRIBUTES</key>
				<array>
					<string>Public</string>
				</array>
			</dict>
		</dict>
		<key>DC6A8A8319633180005AC5BD</key>
		<dict>
			<key>fileRef</key>
			<string>DC1A80AA195B23640069235F</string>
			<key>isa</key>
			<string>PBXBuildFile</string>
			<key>settings</key>
			<dict>
				<key>ATTRIBUTES</key>
				<array>
					<string>Public</string>
				</array>
			</dict>
		</dict>
		<key>DC6A8A8419633180005AC5BD</key>
		<dict>
			<key>fileRef</key>
			<string>DC799EC2195C19CD00A0CA36</string>
			<key>isa</key>
			<string>PBXBuildFile</string>
			<key>settings</key>
			<dict>
				<key>ATTRIBUTES</key>
				<array>
					<string>Public</string>
				</array>
			</dict>
		</dict>
		<key>DC6A8A8519633180005AC5BD</key>
		<dict>
			<key>fileRef</key>
			<string>DC5E5BC6195DC1F30092EAFD</string>
			<key>isa</key>
			<string>PBXBuildFile</string>
		</dict>
		<key>DC6A8A8619633180005AC5BD</key>
		<dict>
			<key>fileRef</key>
			<string>DCD56C761962AEDC00508F4A</string>
			<key>isa</key>
			<string>PBXBuildFile</string>
			<key>settings</key>
			<dict>
				<key>ATTRIBUTES</key>
				<array>
					<string>Public</string>
				</array>
			</dict>
		</dict>
		<key>DC6A8A8819633180005AC5BD</key>
		<dict>
			<key>fileRef</key>
			<string>DC799EBD195C186100A0CA36</string>
			<key>isa</key>
			<string>PBXBuildFile</string>
		</dict>
		<key>DC6A8A8919633180005AC5BD</key>
		<dict>
			<key>fileRef</key>
			<string>DC5E5BAC195D67500092EAFD</string>
			<key>isa</key>
			<string>PBXBuildFile</string>
		</dict>
		<key>DC6A8A8A19633180005AC5BD</key>
		<dict>
			<key>fileRef</key>
			<string>DCAEF7BF195C5B6B0074EB5B</string>
			<key>isa</key>
			<string>PBXBuildFile</string>
		</dict>
		<key>DC6A8A8B19633180005AC5BD</key>
		<dict>
			<key>fileRef</key>
			<string>DC5E5BC1195DAD750092EAFD</string>
			<key>isa</key>
			<string>PBXBuildFile</string>
			<key>settings</key>
			<dict>
				<key>ATTRIBUTES</key>
				<array>
					<string>Public</string>
				</array>
			</dict>
		</dict>
		<key>DC6A8A8C19633180005AC5BD</key>
		<dict>
			<key>fileRef</key>
			<string>DC5E5BB6195D78800092EAFD</string>
			<key>isa</key>
			<string>PBXBuildFile</string>
		</dict>
		<key>DC6A8A8D19633180005AC5BD</key>
		<dict>
			<key>fileRef</key>
			<string>DC5E5BB1195D6E890092EAFD</string>
			<key>isa</key>
			<string>PBXBuildFile</string>
		</dict>
		<key>DC6A8ACB19641549005AC5BD</key>
		<dict>
			<key>fileEncoding</key>
			<string>4</string>
			<key>isa</key>
			<string>PBXFileReference</string>
			<key>lastKnownFileType</key>
			<string>sourcecode.c.h</string>
			<key>path</key>
			<string>ISHPermissionRequestAddressBook.h</string>
			<key>sourceTree</key>
			<string>&lt;group&gt;</string>
		</dict>
		<key>DC6A8ACC19641549005AC5BD</key>
		<dict>
			<key>fileEncoding</key>
			<string>4</string>
			<key>isa</key>
			<string>PBXFileReference</string>
			<key>lastKnownFileType</key>
			<string>sourcecode.c.objc</string>
			<key>path</key>
			<string>ISHPermissionRequestAddressBook.m</string>
			<key>sourceTree</key>
			<string>&lt;group&gt;</string>
		</dict>
		<key>DC6A8ACD19641549005AC5BD</key>
		<dict>
			<key>fileRef</key>
			<string>DC6A8ACB19641549005AC5BD</string>
			<key>isa</key>
			<string>PBXBuildFile</string>
		</dict>
		<key>DC6A8ACE19641549005AC5BD</key>
		<dict>
			<key>fileRef</key>
			<string>DC6A8ACB19641549005AC5BD</string>
			<key>isa</key>
			<string>PBXBuildFile</string>
		</dict>
		<key>DC6A8ACF19641549005AC5BD</key>
		<dict>
			<key>fileRef</key>
			<string>DC6A8ACC19641549005AC5BD</string>
			<key>isa</key>
			<string>PBXBuildFile</string>
		</dict>
		<key>DC6A8AD019641549005AC5BD</key>
		<dict>
			<key>fileRef</key>
			<string>DC6A8ACC19641549005AC5BD</string>
			<key>isa</key>
			<string>PBXBuildFile</string>
		</dict>
		<key>DC6A8AD119642793005AC5BD</key>
		<dict>
			<key>fileEncoding</key>
			<string>4</string>
			<key>isa</key>
			<string>PBXFileReference</string>
			<key>lastKnownFileType</key>
			<string>sourcecode.c.h</string>
			<key>path</key>
			<string>ISHPermissionRequestEventStore.h</string>
			<key>sourceTree</key>
			<string>&lt;group&gt;</string>
		</dict>
		<key>DC6A8AD219642793005AC5BD</key>
		<dict>
			<key>fileEncoding</key>
			<string>4</string>
			<key>isa</key>
			<string>PBXFileReference</string>
			<key>lastKnownFileType</key>
			<string>sourcecode.c.objc</string>
			<key>path</key>
			<string>ISHPermissionRequestEventStore.m</string>
			<key>sourceTree</key>
			<string>&lt;group&gt;</string>
		</dict>
		<key>DC6A8AD319642793005AC5BD</key>
		<dict>
			<key>fileRef</key>
			<string>DC6A8AD119642793005AC5BD</string>
			<key>isa</key>
			<string>PBXBuildFile</string>
		</dict>
		<key>DC6A8AD419642793005AC5BD</key>
		<dict>
			<key>fileRef</key>
			<string>DC6A8AD119642793005AC5BD</string>
			<key>isa</key>
			<string>PBXBuildFile</string>
		</dict>
		<key>DC6A8AD519642793005AC5BD</key>
		<dict>
			<key>fileRef</key>
			<string>DC6A8AD219642793005AC5BD</string>
			<key>isa</key>
			<string>PBXBuildFile</string>
		</dict>
		<key>DC6A8AD619642793005AC5BD</key>
		<dict>
			<key>fileRef</key>
			<string>DC6A8AD219642793005AC5BD</string>
			<key>isa</key>
			<string>PBXBuildFile</string>
		</dict>
		<key>DC7790AF19617CD7007CB2BC</key>
		<dict>
			<key>buildActionMask</key>
			<string>2147483647</string>
			<key>files</key>
			<array/>
			<key>isa</key>
			<string>PBXSourcesBuildPhase</string>
			<key>runOnlyForDeploymentPostprocessing</key>
			<string>0</string>
		</dict>
		<key>DC7790B019617CD7007CB2BC</key>
		<dict>
			<key>buildActionMask</key>
			<string>2147483647</string>
			<key>files</key>
			<array>
				<string>DC7790B919617CD7007CB2BC</string>
			</array>
			<key>isa</key>
			<string>PBXFrameworksBuildPhase</string>
			<key>runOnlyForDeploymentPostprocessing</key>
			<string>0</string>
		</dict>
		<key>DC7790B119617CD7007CB2BC</key>
		<dict>
			<key>buildActionMask</key>
			<string>2147483647</string>
			<key>files</key>
			<array/>
			<key>isa</key>
			<string>PBXResourcesBuildPhase</string>
			<key>runOnlyForDeploymentPostprocessing</key>
			<string>0</string>
		</dict>
		<key>DC7790B219617CD7007CB2BC</key>
		<dict>
			<key>buildConfigurationList</key>
			<string>DC7790BE19617CD7007CB2BC</string>
			<key>buildPhases</key>
			<array>
				<string>DC7790AF19617CD7007CB2BC</string>
				<string>DC7790B019617CD7007CB2BC</string>
				<string>DC7790B119617CD7007CB2BC</string>
			</array>
			<key>buildRules</key>
			<array/>
			<key>dependencies</key>
			<array>
				<string>DC7790BB19617CD7007CB2BC</string>
				<string>1B09129D1963F2BF00D69D3B</string>
				<string>1B0912A11963F2DF00D69D3B</string>
			</array>
			<key>isa</key>
			<string>PBXNativeTarget</string>
			<key>name</key>
			<string>ISHPermissionKitLibTests</string>
			<key>productName</key>
			<string>ISHPermissionKitLibTests</string>
			<key>productReference</key>
			<string>DC7790B319617CD7007CB2BC</string>
			<key>productType</key>
			<string>com.apple.product-type.bundle.unit-test</string>
		</dict>
		<key>DC7790B319617CD7007CB2BC</key>
		<dict>
			<key>explicitFileType</key>
			<string>wrapper.cfbundle</string>
			<key>includeInIndex</key>
			<string>0</string>
			<key>isa</key>
			<string>PBXFileReference</string>
			<key>path</key>
			<string>ISHPermissionKitLibTests.xctest</string>
			<key>sourceTree</key>
			<string>BUILT_PRODUCTS_DIR</string>
		</dict>
		<key>DC7790B419617CD7007CB2BC</key>
		<dict>
			<key>children</key>
			<array>
				<string>DC7790B519617CD7007CB2BC</string>
			</array>
			<key>isa</key>
			<string>PBXGroup</string>
			<key>path</key>
			<string>ISHPermissionKitLibTests</string>
			<key>sourceTree</key>
			<string>&lt;group&gt;</string>
		</dict>
		<key>DC7790B519617CD7007CB2BC</key>
		<dict>
			<key>children</key>
			<array>
				<string>DC7790B619617CD7007CB2BC</string>
			</array>
			<key>isa</key>
			<string>PBXGroup</string>
			<key>name</key>
			<string>Supporting Files</string>
			<key>sourceTree</key>
			<string>&lt;group&gt;</string>
		</dict>
		<key>DC7790B619617CD7007CB2BC</key>
		<dict>
			<key>isa</key>
			<string>PBXFileReference</string>
			<key>lastKnownFileType</key>
			<string>text.plist.xml</string>
			<key>path</key>
			<string>Info.plist</string>
			<key>sourceTree</key>
			<string>&lt;group&gt;</string>
		</dict>
		<key>DC7790B919617CD7007CB2BC</key>
		<dict>
			<key>fileRef</key>
			<string>DCAEF7CA195C60070074EB5B</string>
			<key>isa</key>
			<string>PBXBuildFile</string>
		</dict>
		<key>DC7790BA19617CD7007CB2BC</key>
		<dict>
			<key>containerPortal</key>
			<string>DCC1BF9C195B174200362559</string>
			<key>isa</key>
			<string>PBXContainerItemProxy</string>
			<key>proxyType</key>
			<string>1</string>
			<key>remoteGlobalIDString</key>
			<string>DCAEF7C9195C60070074EB5B</string>
			<key>remoteInfo</key>
			<string>ISHPermissionKitLib</string>
		</dict>
		<key>DC7790BB19617CD7007CB2BC</key>
		<dict>
			<key>isa</key>
			<string>PBXTargetDependency</string>
			<key>target</key>
			<string>DCAEF7C9195C60070074EB5B</string>
			<key>targetProxy</key>
			<string>DC7790BA19617CD7007CB2BC</string>
		</dict>
		<key>DC7790BC19617CD7007CB2BC</key>
		<dict>
			<key>buildSettings</key>
			<dict>
				<key>FRAMEWORK_SEARCH_PATHS</key>
				<array>
					<string>$(SDKROOT)/Developer/Library/Frameworks</string>
					<string>$(inherited)</string>
				</array>
				<key>GCC_PREPROCESSOR_DEFINITIONS</key>
				<array>
					<string>DEBUG=1</string>
					<string>$(inherited)</string>
				</array>
				<key>INFOPLIST_FILE</key>
				<string>ISHPermissionKitLibTests/Info.plist</string>
				<key>IPHONEOS_DEPLOYMENT_TARGET</key>
				<string>8.0</string>
				<key>LD_RUNPATH_SEARCH_PATHS</key>
				<string>$(inherited) @executable_path/Frameworks @loader_path/Frameworks</string>
				<key>METAL_ENABLE_DEBUG_INFO</key>
				<string>YES</string>
				<key>PRODUCT_NAME</key>
				<string>$(TARGET_NAME)</string>
			</dict>
			<key>isa</key>
			<string>XCBuildConfiguration</string>
			<key>name</key>
			<string>Debug</string>
		</dict>
		<key>DC7790BD19617CD7007CB2BC</key>
		<dict>
			<key>buildSettings</key>
			<dict>
				<key>FRAMEWORK_SEARCH_PATHS</key>
				<array>
					<string>$(SDKROOT)/Developer/Library/Frameworks</string>
					<string>$(inherited)</string>
				</array>
				<key>INFOPLIST_FILE</key>
				<string>ISHPermissionKitLibTests/Info.plist</string>
				<key>IPHONEOS_DEPLOYMENT_TARGET</key>
				<string>8.0</string>
				<key>LD_RUNPATH_SEARCH_PATHS</key>
				<string>$(inherited) @executable_path/Frameworks @loader_path/Frameworks</string>
				<key>METAL_ENABLE_DEBUG_INFO</key>
				<string>NO</string>
				<key>PRODUCT_NAME</key>
				<string>$(TARGET_NAME)</string>
			</dict>
			<key>isa</key>
			<string>XCBuildConfiguration</string>
			<key>name</key>
			<string>Release</string>
		</dict>
		<key>DC7790BE19617CD7007CB2BC</key>
		<dict>
			<key>buildConfigurations</key>
			<array>
				<string>DC7790BC19617CD7007CB2BC</string>
				<string>DC7790BD19617CD7007CB2BC</string>
			</array>
			<key>defaultConfigurationIsVisible</key>
			<string>0</string>
			<key>defaultConfigurationName</key>
			<string>Release</string>
			<key>isa</key>
			<string>XCConfigurationList</string>
		</dict>
		<key>DC799EB3195C0CF300A0CA36</key>
		<dict>
			<key>fileEncoding</key>
			<string>4</string>
			<key>isa</key>
			<string>PBXFileReference</string>
			<key>lastKnownFileType</key>
			<string>sourcecode.c.h</string>
			<key>path</key>
			<string>ISHPermissionRequestViewController+Private.h</string>
			<key>sourceTree</key>
			<string>&lt;group&gt;</string>
		</dict>
		<key>DC799EB4195C0CF300A0CA36</key>
		<dict>
			<key>fileRef</key>
			<string>DC799EB3195C0CF300A0CA36</string>
			<key>isa</key>
			<string>PBXBuildFile</string>
		</dict>
		<key>DC799EB5195C113900A0CA36</key>
		<dict>
			<key>isa</key>
			<string>PBXFileReference</string>
			<key>lastKnownFileType</key>
			<string>sourcecode.c.h</string>
			<key>path</key>
			<string>ISHPermissionRequestViewControllerDelegate.h</string>
			<key>sourceTree</key>
			<string>&lt;group&gt;</string>
		</dict>
		<key>DC799EB6195C113D00A0CA36</key>
		<dict>
			<key>fileRef</key>
			<string>DC799EB5195C113900A0CA36</string>
			<key>isa</key>
			<string>PBXBuildFile</string>
		</dict>
		<key>DC799EBD195C186100A0CA36</key>
		<dict>
			<key>fileEncoding</key>
			<string>4</string>
			<key>isa</key>
			<string>PBXFileReference</string>
			<key>lastKnownFileType</key>
			<string>sourcecode.c.h</string>
			<key>path</key>
			<string>ISHPermissionRequestLocation.h</string>
			<key>sourceTree</key>
			<string>&lt;group&gt;</string>
		</dict>
		<key>DC799EBE195C186100A0CA36</key>
		<dict>
			<key>fileEncoding</key>
			<string>4</string>
			<key>isa</key>
			<string>PBXFileReference</string>
			<key>lastKnownFileType</key>
			<string>sourcecode.c.objc</string>
			<key>path</key>
			<string>ISHPermissionRequestLocation.m</string>
			<key>sourceTree</key>
			<string>&lt;group&gt;</string>
		</dict>
		<key>DC799EBF195C186100A0CA36</key>
		<dict>
			<key>fileRef</key>
			<string>DC799EBD195C186100A0CA36</string>
			<key>isa</key>
			<string>PBXBuildFile</string>
		</dict>
		<key>DC799EC0195C186100A0CA36</key>
		<dict>
			<key>fileRef</key>
			<string>DC799EBE195C186100A0CA36</string>
			<key>isa</key>
			<string>PBXBuildFile</string>
		</dict>
		<key>DC799EC1195C187700A0CA36</key>
		<dict>
			<key>children</key>
			<array>
				<string>79F1353019BF912D00A93017</string>
				<string>79F1353119BF912D00A93017</string>
				<string>DC1A80AA195B23640069235F</string>
				<string>DC1A80AB195B23640069235F</string>
				<string>DC799EC2195C19CD00A0CA36</string>
				<string>DC799EC3195C19CD00A0CA36</string>
				<string>DC5E5BC6195DC1F30092EAFD</string>
				<string>DCD56C761962AEDC00508F4A</string>
				<string>DCD56C771962AEDC00508F4A</string>
				<string>DC6A8ACB19641549005AC5BD</string>
				<string>DC6A8ACC19641549005AC5BD</string>
				<string>DC6A8AD119642793005AC5BD</string>
				<string>DC6A8AD219642793005AC5BD</string>
				<string>DC799EBD195C186100A0CA36</string>
				<string>DC799EBE195C186100A0CA36</string>
				<string>DC5E5BAC195D67500092EAFD</string>
				<string>DC5E5BAD195D67500092EAFD</string>
				<string>DCAEF7BF195C5B6B0074EB5B</string>
				<string>DCAEF7C0195C5B6B0074EB5B</string>
				<string>DC5E5BC1195DAD750092EAFD</string>
				<string>DC5E5BC2195DAD750092EAFD</string>
				<string>DC5E5BB6195D78800092EAFD</string>
				<string>DC5E5BB7195D78800092EAFD</string>
				<string>DC5E5BB1195D6E890092EAFD</string>
				<string>DC5E5BB2195D6E890092EAFD</string>
			</array>
			<key>isa</key>
			<string>PBXGroup</string>
			<key>path</key>
			<string>Requests</string>
			<key>sourceTree</key>
			<string>&lt;group&gt;</string>
		</dict>
		<key>DC799EC2195C19CD00A0CA36</key>
		<dict>
			<key>fileEncoding</key>
			<string>4</string>
			<key>isa</key>
			<string>PBXFileReference</string>
			<key>lastKnownFileType</key>
			<string>sourcecode.c.h</string>
			<key>path</key>
			<string>ISHPermissionRequest+All.h</string>
			<key>sourceTree</key>
			<string>&lt;group&gt;</string>
		</dict>
		<key>DC799EC3195C19CD00A0CA36</key>
		<dict>
			<key>fileEncoding</key>
			<string>4</string>
			<key>isa</key>
			<string>PBXFileReference</string>
			<key>lastKnownFileType</key>
			<string>sourcecode.c.objc</string>
			<key>path</key>
			<string>ISHPermissionRequest+All.m</string>
			<key>sourceTree</key>
			<string>&lt;group&gt;</string>
		</dict>
		<key>DC799EC4195C19CD00A0CA36</key>
		<dict>
			<key>fileRef</key>
			<string>DC799EC2195C19CD00A0CA36</string>
			<key>isa</key>
			<string>PBXBuildFile</string>
			<key>settings</key>
			<dict>
				<key>ATTRIBUTES</key>
				<array>
					<string>Public</string>
				</array>
			</dict>
		</dict>
		<key>DC799EC5195C19CD00A0CA36</key>
		<dict>
			<key>fileRef</key>
			<string>DC799EC3195C19CD00A0CA36</string>
			<key>isa</key>
			<string>PBXBuildFile</string>
		</dict>
		<key>DCAEF7BF195C5B6B0074EB5B</key>
		<dict>
			<key>fileEncoding</key>
			<string>4</string>
			<key>isa</key>
			<string>PBXFileReference</string>
			<key>lastKnownFileType</key>
			<string>sourcecode.c.h</string>
			<key>path</key>
			<string>ISHPermissionRequestMotion.h</string>
			<key>sourceTree</key>
			<string>&lt;group&gt;</string>
		</dict>
		<key>DCAEF7C0195C5B6B0074EB5B</key>
		<dict>
			<key>fileEncoding</key>
			<string>4</string>
			<key>isa</key>
			<string>PBXFileReference</string>
			<key>lastKnownFileType</key>
			<string>sourcecode.c.objc</string>
			<key>path</key>
			<string>ISHPermissionRequestMotion.m</string>
			<key>sourceTree</key>
			<string>&lt;group&gt;</string>
		</dict>
		<key>DCAEF7C1195C5B6B0074EB5B</key>
		<dict>
			<key>fileRef</key>
			<string>DCAEF7BF195C5B6B0074EB5B</string>
			<key>isa</key>
			<string>PBXBuildFile</string>
		</dict>
		<key>DCAEF7C2195C5B6B0074EB5B</key>
		<dict>
			<key>fileRef</key>
			<string>DCAEF7C0195C5B6B0074EB5B</string>
			<key>isa</key>
			<string>PBXBuildFile</string>
		</dict>
		<key>DCAEF7C6195C60070074EB5B</key>
		<dict>
			<key>buildActionMask</key>
			<string>2147483647</string>
			<key>files</key>
			<array>
				<string>DC5E5BC5195DAD770092EAFD</string>
				<string>DC6A8AD019641549005AC5BD</string>
				<string>DC5E5BBA195D78800092EAFD</string>
				<string>DCAEF7E5195C60250074EB5B</string>
				<string>DCAEF7E1195C60250074EB5B</string>
				<string>DC5E5BB5195D6E890092EAFD</string>
				<string>DCAEF7E6195C60250074EB5B</string>
				<string>DC5E5BB0195D67500092EAFD</string>
				<string>DCAEF7E2195C60250074EB5B</string>
				<string>DC6A8AD619642793005AC5BD</string>
				<string>79F1353319BF912D00A93017</string>
				<string>DCAEF7E3195C60250074EB5B</string>
				<string>DCD56C7A1962AEDC00508F4A</string>
				<string>DCAEF7E4195C60250074EB5B</string>
			</array>
			<key>isa</key>
			<string>PBXSourcesBuildPhase</string>
			<key>runOnlyForDeploymentPostprocessing</key>
			<string>0</string>
		</dict>
		<key>DCAEF7C7195C60070074EB5B</key>
		<dict>
			<key>buildActionMask</key>
			<string>2147483647</string>
			<key>files</key>
			<array/>
			<key>isa</key>
			<string>PBXFrameworksBuildPhase</string>
			<key>runOnlyForDeploymentPostprocessing</key>
			<string>0</string>
		</dict>
		<key>DCAEF7C8195C60070074EB5B</key>
		<dict>
			<key>buildActionMask</key>
			<string>2147483647</string>
			<key>dstPath</key>
			<string>include/$(PRODUCT_NAME)</string>
			<key>dstSubfolderSpec</key>
			<string>16</string>
			<key>files</key>
			<array/>
			<key>isa</key>
			<string>PBXCopyFilesBuildPhase</string>
			<key>runOnlyForDeploymentPostprocessing</key>
			<string>0</string>
		</dict>
		<key>DCAEF7C9195C60070074EB5B</key>
		<dict>
			<key>buildConfigurationList</key>
			<string>DCAEF7DB195C60070074EB5B</string>
			<key>buildPhases</key>
			<array>
				<string>DCAEF7C6195C60070074EB5B</string>
				<string>DCAEF7C7195C60070074EB5B</string>
				<string>DC6A8A7C19633164005AC5BD</string>
				<string>DCAEF7C8195C60070074EB5B</string>
			</array>
			<key>buildRules</key>
			<array/>
			<key>dependencies</key>
			<array/>
			<key>isa</key>
			<string>PBXNativeTarget</string>
			<key>name</key>
			<string>ISHPermissionKitLib</string>
			<key>productName</key>
			<string>ISHPermissionKitLib</string>
			<key>productReference</key>
			<string>DCAEF7CA195C60070074EB5B</string>
			<key>productType</key>
			<string>com.apple.product-type.library.static</string>
		</dict>
		<key>DCAEF7CA195C60070074EB5B</key>
		<dict>
			<key>explicitFileType</key>
			<string>archive.ar</string>
			<key>includeInIndex</key>
			<string>0</string>
			<key>isa</key>
			<string>PBXFileReference</string>
			<key>path</key>
			<string>libISHPermissionKitLib.a</string>
			<key>sourceTree</key>
			<string>BUILT_PRODUCTS_DIR</string>
		</dict>
		<key>DCAEF7DB195C60070074EB5B</key>
		<dict>
			<key>buildConfigurations</key>
			<array>
				<string>DCAEF7DC195C60070074EB5B</string>
				<string>DCAEF7DD195C60070074EB5B</string>
			</array>
			<key>defaultConfigurationIsVisible</key>
			<string>0</string>
			<key>defaultConfigurationName</key>
			<string>Release</string>
			<key>isa</key>
			<string>XCConfigurationList</string>
		</dict>
		<key>DCAEF7DC195C60070074EB5B</key>
		<dict>
			<key>buildSettings</key>
			<dict>
				<key>CURRENT_PROJECT_VERSION</key>
				<string>${ISH_BUNDLE_VERSION_SHORT}</string>
				<key>DYLIB_COMPATIBILITY_VERSION</key>
				<string>${ISH_BUNDLE_VERSION_SHORT}</string>
				<key>DYLIB_CURRENT_VERSION</key>
				<string>${ISH_BUNDLE_VERSION_SHORT}</string>
				<key>FRAMEWORK_VERSION</key>
				<string>${ISH_BUNDLE_VERSION_SHORT}</string>
				<key>GCC_PREPROCESSOR_DEFINITIONS</key>
				<array>
					<string>DEBUG=1</string>
					<string>$(inherited)</string>
				</array>
				<key>METAL_ENABLE_DEBUG_INFO</key>
				<string>YES</string>
				<key>OTHER_LDFLAGS</key>
				<string>-ObjC</string>
				<key>PRODUCT_NAME</key>
				<string>$(TARGET_NAME)</string>
				<key>PUBLIC_HEADERS_FOLDER_PATH</key>
				<string>include/$(PROJECT_NAME)</string>
				<key>SKIP_INSTALL</key>
				<string>YES</string>
			</dict>
			<key>isa</key>
			<string>XCBuildConfiguration</string>
			<key>name</key>
			<string>Debug</string>
		</dict>
		<key>DCAEF7DD195C60070074EB5B</key>
		<dict>
			<key>buildSettings</key>
			<dict>
				<key>CURRENT_PROJECT_VERSION</key>
				<string>${ISH_BUNDLE_VERSION_SHORT}</string>
				<key>DYLIB_COMPATIBILITY_VERSION</key>
				<string>${ISH_BUNDLE_VERSION_SHORT}</string>
				<key>DYLIB_CURRENT_VERSION</key>
				<string>${ISH_BUNDLE_VERSION_SHORT}</string>
				<key>FRAMEWORK_VERSION</key>
				<string>${ISH_BUNDLE_VERSION_SHORT}</string>
				<key>METAL_ENABLE_DEBUG_INFO</key>
				<string>NO</string>
				<key>OTHER_LDFLAGS</key>
				<string>-ObjC</string>
				<key>PRODUCT_NAME</key>
				<string>$(TARGET_NAME)</string>
				<key>PUBLIC_HEADERS_FOLDER_PATH</key>
				<string>include/$(PROJECT_NAME)</string>
				<key>SKIP_INSTALL</key>
				<string>YES</string>
			</dict>
			<key>isa</key>
			<string>XCBuildConfiguration</string>
			<key>name</key>
			<string>Release</string>
		</dict>
		<key>DCAEF7E1195C60250074EB5B</key>
		<dict>
			<key>fileRef</key>
			<string>DC1A80AF195B2C960069235F</string>
			<key>isa</key>
			<string>PBXBuildFile</string>
		</dict>
		<key>DCAEF7E2195C60250074EB5B</key>
		<dict>
			<key>fileRef</key>
			<string>DC1A80A2195B21DC0069235F</string>
			<key>isa</key>
			<string>PBXBuildFile</string>
		</dict>
		<key>DCAEF7E3195C60250074EB5B</key>
		<dict>
			<key>fileRef</key>
			<string>DC799EC3195C19CD00A0CA36</string>
			<key>isa</key>
			<string>PBXBuildFile</string>
		</dict>
		<key>DCAEF7E4195C60250074EB5B</key>
		<dict>
			<key>fileRef</key>
			<string>DC1A80AB195B23640069235F</string>
			<key>isa</key>
			<string>PBXBuildFile</string>
		</dict>
		<key>DCAEF7E5195C60250074EB5B</key>
		<dict>
			<key>fileRef</key>
			<string>DC799EBE195C186100A0CA36</string>
			<key>isa</key>
			<string>PBXBuildFile</string>
		</dict>
		<key>DCAEF7E6195C60250074EB5B</key>
		<dict>
			<key>fileRef</key>
			<string>DCAEF7C0195C5B6B0074EB5B</string>
			<key>isa</key>
			<string>PBXBuildFile</string>
		</dict>
		<key>DCAEF7E7195C60340074EB5B</key>
		<dict>
			<key>fileRef</key>
			<string>DCAEF7CA195C60070074EB5B</string>
			<key>isa</key>
			<string>PBXBuildFile</string>
		</dict>
		<key>DCAEF7E8195C603F0074EB5B</key>
		<dict>
			<key>containerPortal</key>
			<string>DCC1BF9C195B174200362559</string>
			<key>isa</key>
			<string>PBXContainerItemProxy</string>
			<key>proxyType</key>
			<string>1</string>
			<key>remoteGlobalIDString</key>
			<string>DCAEF7C9195C60070074EB5B</string>
			<key>remoteInfo</key>
			<string>ISHPermissionKitLib</string>
		</dict>
		<key>DCAEF7E9195C603F0074EB5B</key>
		<dict>
			<key>isa</key>
			<string>PBXTargetDependency</string>
			<key>target</key>
			<string>DCAEF7C9195C60070074EB5B</string>
			<key>targetProxy</key>
			<string>DCAEF7E8195C603F0074EB5B</string>
		</dict>
		<key>DCC1BF9B195B174200362559</key>
		<dict>
			<key>children</key>
			<array>
				<string>1B87C1BA1961AA5D001D85E7</string>
				<string>1B87C1BB1961AA5D001D85E7</string>
				<string>DCC1BFA7195B174200362559</string>
				<string>DCC1BFB4195B174200362559</string>
				<string>DCC1BFC6195B176E00362559</string>
				<string>DC7790B419617CD7007CB2BC</string>
				<string>DCC1BFA6195B174200362559</string>
			</array>
			<key>isa</key>
			<string>PBXGroup</string>
			<key>sourceTree</key>
			<string>&lt;group&gt;</string>
		</dict>
		<key>DCC1BF9C195B174200362559</key>
		<dict>
			<key>attributes</key>
			<dict>
				<key>LastUpgradeCheck</key>
				<string>0600</string>
				<key>ORGANIZATIONNAME</key>
				<string>iosphere GmbH</string>
				<key>TargetAttributes</key>
				<dict>
					<key>DC7790B219617CD7007CB2BC</key>
					<dict>
						<key>CreatedOnToolsVersion</key>
						<string>6.0</string>
						<key>TestTargetID</key>
						<string>DCAEF7C9195C60070074EB5B</string>
					</dict>
					<key>DCAEF7C9195C60070074EB5B</key>
					<dict>
						<key>CreatedOnToolsVersion</key>
						<string>6.0</string>
					</dict>
					<key>DCC1BFA4195B174200362559</key>
					<dict>
						<key>CreatedOnToolsVersion</key>
						<string>6.0</string>
					</dict>
					<key>DCC1BFAF195B174200362559</key>
					<dict>
						<key>CreatedOnToolsVersion</key>
						<string>6.0</string>
						<key>TestTargetID</key>
						<string>DCC1BFA4195B174200362559</string>
					</dict>
					<key>DCC1BFC4195B176E00362559</key>
					<dict>
						<key>CreatedOnToolsVersion</key>
						<string>6.0</string>
					</dict>
				</dict>
			</dict>
			<key>buildConfigurationList</key>
			<string>DCC1BF9F195B174200362559</string>
			<key>compatibilityVersion</key>
			<string>Xcode 3.2</string>
			<key>developmentRegion</key>
			<string>English</string>
			<key>hasScannedForEncodings</key>
			<string>0</string>
			<key>isa</key>
			<string>PBXProject</string>
			<key>knownRegions</key>
			<array>
				<string>en</string>
			</array>
			<key>mainGroup</key>
			<string>DCC1BF9B195B174200362559</string>
			<key>productRefGroup</key>
			<string>DCC1BFA6195B174200362559</string>
			<key>projectDirPath</key>
			<string></string>
			<key>projectReferences</key>
			<array/>
			<key>projectRoot</key>
			<string></string>
			<key>targets</key>
			<array>
				<string>DCC1BFA4195B174200362559</string>
				<string>DCC1BFAF195B174200362559</string>
				<string>DCC1BFC4195B176E00362559</string>
				<string>DCAEF7C9195C60070074EB5B</string>
				<string>DC7790B219617CD7007CB2BC</string>
			</array>
		</dict>
		<key>DCC1BF9F195B174200362559</key>
		<dict>
			<key>buildConfigurations</key>
			<array>
				<string>DCC1BFB9195B174200362559</string>
				<string>DCC1BFBA195B174200362559</string>
			</array>
			<key>defaultConfigurationIsVisible</key>
			<string>0</string>
			<key>defaultConfigurationName</key>
			<string>Release</string>
			<key>isa</key>
			<string>XCConfigurationList</string>
		</dict>
		<key>DCC1BFA0195B174200362559</key>
		<dict>
			<key>buildActionMask</key>
			<string>2147483647</string>
			<key>files</key>
			<array>
				<string>DC5E5BC4195DAD750092EAFD</string>
				<string>DC6A8ACF19641549005AC5BD</string>
				<string>DC5E5BB9195D78800092EAFD</string>
				<string>DC799EC5195C19CD00A0CA36</string>
				<string>DCAEF7C2195C5B6B0074EB5B</string>
				<string>DC5E5BB4195D6E890092EAFD</string>
				<string>DC799EC0195C186100A0CA36</string>
				<string>DC5E5BAF195D67500092EAFD</string>
				<string>DC1A80A4195B21DC0069235F</string>
				<string>DC6A8AD519642793005AC5BD</string>
				<string>79F1353219BF912D00A93017</string>
				<string>DC1A80B1195B2C960069235F</string>
				<string>DCD56C791962AEDC00508F4A</string>
				<string>DC1A80AD195B23640069235F</string>
			</array>
			<key>isa</key>
			<string>PBXSourcesBuildPhase</string>
			<key>runOnlyForDeploymentPostprocessing</key>
			<string>0</string>
		</dict>
		<key>DCC1BFA1195B174200362559</key>
		<dict>
			<key>buildActionMask</key>
			<string>2147483647</string>
			<key>files</key>
			<array/>
			<key>isa</key>
			<string>PBXFrameworksBuildPhase</string>
			<key>runOnlyForDeploymentPostprocessing</key>
			<string>0</string>
		</dict>
		<key>DCC1BFA2195B174200362559</key>
		<dict>
			<key>buildActionMask</key>
			<string>2147483647</string>
			<key>files</key>
			<array>
				<string>DC6A8ACD19641549005AC5BD</string>
				<string>DC799EC4195C19CD00A0CA36</string>
				<string>DCC1BFAB195B174200362559</string>
				<string>DC1A80A3195B21DC0069235F</string>
				<string>DC1A80B0195B2C960069235F</string>
				<string>DC5E5BB3195D6E890092EAFD</string>
				<string>DC5E5BAE195D67500092EAFD</string>
				<string>DCD56C781962AEDC00508F4A</string>
				<string>DC799EBF195C186100A0CA36</string>
				<string>DCAEF7C1195C5B6B0074EB5B</string>
				<string>DC6A8AD319642793005AC5BD</string>
				<string>79F1353419BF912D00A93017</string>
				<string>DC799EB4195C0CF300A0CA36</string>
				<string>DC5E5BC3195DAD750092EAFD</string>
				<string>DC1A80AC195B23640069235F</string>
				<string>DC5E5BC7195DC1F50092EAFD</string>
				<string>DC1A80A9195B22A10069235F</string>
				<string>DC799EB6195C113D00A0CA36</string>
				<string>DC5E5BB8195D78800092EAFD</string>
			</array>
			<key>isa</key>
			<string>PBXHeadersBuildPhase</string>
			<key>runOnlyForDeploymentPostprocessing</key>
			<string>0</string>
		</dict>
		<key>DCC1BFA3195B174200362559</key>
		<dict>
			<key>buildActionMask</key>
			<string>2147483647</string>
			<key>files</key>
			<array/>
			<key>isa</key>
			<string>PBXResourcesBuildPhase</string>
			<key>runOnlyForDeploymentPostprocessing</key>
			<string>0</string>
		</dict>
		<key>DCC1BFA4195B174200362559</key>
		<dict>
			<key>buildConfigurationList</key>
			<string>DCC1BFBB195B174200362559</string>
			<key>buildPhases</key>
			<array>
				<string>DCC1BFA0195B174200362559</string>
				<string>DCC1BFA1195B174200362559</string>
				<string>DCC1BFA2195B174200362559</string>
				<string>DCC1BFA3195B174200362559</string>
				<string>17AE4966A0C431F60D80FE38</string>
			</array>
			<key>buildRules</key>
			<array/>
			<key>dependencies</key>
			<array/>
			<key>isa</key>
			<string>PBXNativeTarget</string>
			<key>name</key>
			<string>ISHPermissionKit</string>
			<key>productName</key>
			<string>ISHPermissionKit</string>
			<key>productReference</key>
			<string>DCC1BFA5195B174200362559</string>
			<key>productType</key>
			<string>com.apple.product-type.framework</string>
		</dict>
		<key>DCC1BFA5195B174200362559</key>
		<dict>
			<key>explicitFileType</key>
			<string>wrapper.framework</string>
			<key>includeInIndex</key>
			<string>0</string>
			<key>isa</key>
			<string>PBXFileReference</string>
			<key>path</key>
			<string>ISHPermissionKit.framework</string>
			<key>sourceTree</key>
			<string>BUILT_PRODUCTS_DIR</string>
		</dict>
		<key>DCC1BFA6195B174200362559</key>
		<dict>
			<key>children</key>
			<array>
				<string>DCC1BFA5195B174200362559</string>
				<string>DCC1BFB0195B174200362559</string>
				<string>DCC1BFC5195B176E00362559</string>
				<string>DCAEF7CA195C60070074EB5B</string>
				<string>DC7790B319617CD7007CB2BC</string>
			</array>
			<key>isa</key>
			<string>PBXGroup</string>
			<key>name</key>
			<string>Products</string>
			<key>sourceTree</key>
			<string>&lt;group&gt;</string>
		</dict>
		<key>DCC1BFA7195B174200362559</key>
		<dict>
			<key>children</key>
			<array>
				<string>DC1A80A8195B22A10069235F</string>
				<string>DCC1BFAA195B174200362559</string>
				<string>DC799EB3195C0CF300A0CA36</string>
				<string>DC1A80AE195B2C960069235F</string>
				<string>DC1A80AF195B2C960069235F</string>
				<string>DC799EB5195C113900A0CA36</string>
				<string>DC1A80A1195B21DC0069235F</string>
				<string>DC1A80A2195B21DC0069235F</string>
				<string>DC799EC1195C187700A0CA36</string>
				<string>DCC1BFA8195B174200362559</string>
			</array>
			<key>isa</key>
			<string>PBXGroup</string>
			<key>path</key>
			<string>ISHPermissionKit</string>
			<key>sourceTree</key>
			<string>&lt;group&gt;</string>
		</dict>
		<key>DCC1BFA8195B174200362559</key>
		<dict>
			<key>children</key>
			<array>
				<string>DCC1BFA9195B174200362559</string>
			</array>
			<key>isa</key>
			<string>PBXGroup</string>
			<key>name</key>
			<string>Supporting Files</string>
			<key>sourceTree</key>
			<string>&lt;group&gt;</string>
		</dict>
		<key>DCC1BFA9195B174200362559</key>
		<dict>
			<key>isa</key>
			<string>PBXFileReference</string>
			<key>lastKnownFileType</key>
			<string>text.plist.xml</string>
			<key>path</key>
			<string>Info.plist</string>
			<key>sourceTree</key>
			<string>&lt;group&gt;</string>
		</dict>
		<key>DCC1BFAA195B174200362559</key>
		<dict>
			<key>isa</key>
			<string>PBXFileReference</string>
			<key>lastKnownFileType</key>
			<string>sourcecode.c.h</string>
			<key>path</key>
			<string>ISHPermissionKit.h</string>
			<key>sourceTree</key>
			<string>&lt;group&gt;</string>
		</dict>
		<key>DCC1BFAB195B174200362559</key>
		<dict>
			<key>fileRef</key>
			<string>DCC1BFAA195B174200362559</string>
			<key>isa</key>
			<string>PBXBuildFile</string>
			<key>settings</key>
			<dict>
				<key>ATTRIBUTES</key>
				<array>
					<string>Public</string>
				</array>
			</dict>
		</dict>
		<key>DCC1BFAC195B174200362559</key>
		<dict>
			<key>buildActionMask</key>
			<string>2147483647</string>
			<key>files</key>
			<array>
				<string>DCC1BFB8195B174200362559</string>
			</array>
			<key>isa</key>
			<string>PBXSourcesBuildPhase</string>
			<key>runOnlyForDeploymentPostprocessing</key>
			<string>0</string>
		</dict>
		<key>DCC1BFAD195B174200362559</key>
		<dict>
			<key>buildActionMask</key>
			<string>2147483647</string>
			<key>files</key>
			<array>
				<string>DCC1BFB1195B174200362559</string>
			</array>
			<key>isa</key>
			<string>PBXFrameworksBuildPhase</string>
			<key>runOnlyForDeploymentPostprocessing</key>
			<string>0</string>
		</dict>
		<key>DCC1BFAE195B174200362559</key>
		<dict>
			<key>buildActionMask</key>
			<string>2147483647</string>
			<key>files</key>
			<array/>
			<key>isa</key>
			<string>PBXResourcesBuildPhase</string>
			<key>runOnlyForDeploymentPostprocessing</key>
			<string>0</string>
		</dict>
		<key>DCC1BFAF195B174200362559</key>
		<dict>
			<key>buildConfigurationList</key>
			<string>DCC1BFBE195B174200362559</string>
			<key>buildPhases</key>
			<array>
				<string>DCC1BFAC195B174200362559</string>
				<string>DCC1BFAD195B174200362559</string>
				<string>DCC1BFAE195B174200362559</string>
			</array>
			<key>buildRules</key>
			<array/>
			<key>dependencies</key>
			<array>
				<string>DCC1BFB3195B174200362559</string>
				<string>1B4CC53F19615DB500ECE149</string>
				<string>1B87C1B51961A782001D85E7</string>
				<string>1B87C1B71961A782001D85E7</string>
				<string>1B87C1B91961A79C001D85E7</string>
				<string>1B09129F1963F2D800D69D3B</string>
			</array>
			<key>isa</key>
			<string>PBXNativeTarget</string>
			<key>name</key>
			<string>ISHPermissionKitTests</string>
			<key>productName</key>
			<string>ISHPermissionKitTests</string>
			<key>productReference</key>
			<string>DCC1BFB0195B174200362559</string>
			<key>productType</key>
			<string>com.apple.product-type.bundle.unit-test</string>
		</dict>
		<key>DCC1BFB0195B174200362559</key>
		<dict>
			<key>explicitFileType</key>
			<string>wrapper.cfbundle</string>
			<key>includeInIndex</key>
			<string>0</string>
			<key>isa</key>
			<string>PBXFileReference</string>
			<key>path</key>
			<string>ISHPermissionKitTests.xctest</string>
			<key>sourceTree</key>
			<string>BUILT_PRODUCTS_DIR</string>
		</dict>
		<key>DCC1BFB1195B174200362559</key>
		<dict>
			<key>fileRef</key>
			<string>DCC1BFA5195B174200362559</string>
			<key>isa</key>
			<string>PBXBuildFile</string>
		</dict>
		<key>DCC1BFB2195B174200362559</key>
		<dict>
			<key>containerPortal</key>
			<string>DCC1BF9C195B174200362559</string>
			<key>isa</key>
			<string>PBXContainerItemProxy</string>
			<key>proxyType</key>
			<string>1</string>
			<key>remoteGlobalIDString</key>
			<string>DCC1BFA4195B174200362559</string>
			<key>remoteInfo</key>
			<string>ISHPermissionKit</string>
		</dict>
		<key>DCC1BFB3195B174200362559</key>
		<dict>
			<key>isa</key>
			<string>PBXTargetDependency</string>
			<key>target</key>
			<string>DCC1BFA4195B174200362559</string>
			<key>targetProxy</key>
			<string>DCC1BFB2195B174200362559</string>
		</dict>
		<key>DCC1BFB4195B174200362559</key>
		<dict>
			<key>children</key>
			<array>
				<string>DCC1BFB7195B174200362559</string>
				<string>DCC1BFB5195B174200362559</string>
			</array>
			<key>isa</key>
			<string>PBXGroup</string>
			<key>path</key>
			<string>ISHPermissionKitTests</string>
			<key>sourceTree</key>
			<string>&lt;group&gt;</string>
		</dict>
		<key>DCC1BFB5195B174200362559</key>
		<dict>
			<key>children</key>
			<array>
				<string>DCC1BFB6195B174200362559</string>
			</array>
			<key>isa</key>
			<string>PBXGroup</string>
			<key>name</key>
			<string>Supporting Files</string>
			<key>sourceTree</key>
			<string>&lt;group&gt;</string>
		</dict>
		<key>DCC1BFB6195B174200362559</key>
		<dict>
			<key>isa</key>
			<string>PBXFileReference</string>
			<key>lastKnownFileType</key>
			<string>text.plist.xml</string>
			<key>path</key>
			<string>Info.plist</string>
			<key>sourceTree</key>
			<string>&lt;group&gt;</string>
		</dict>
		<key>DCC1BFB7195B174200362559</key>
		<dict>
			<key>isa</key>
			<string>PBXFileReference</string>
			<key>lastKnownFileType</key>
			<string>sourcecode.c.objc</string>
			<key>path</key>
			<string>ISHPermissionKitTests.m</string>
			<key>sourceTree</key>
			<string>&lt;group&gt;</string>
		</dict>
		<key>DCC1BFB8195B174200362559</key>
		<dict>
			<key>fileRef</key>
			<string>DCC1BFB7195B174200362559</string>
			<key>isa</key>
			<string>PBXBuildFile</string>
		</dict>
		<key>DCC1BFB9195B174200362559</key>
		<dict>
			<key>buildSettings</key>
			<dict>
				<key>ALWAYS_SEARCH_USER_PATHS</key>
				<string>NO</string>
				<key>CLANG_CXX_LANGUAGE_STANDARD</key>
				<string>gnu++0x</string>
				<key>CLANG_CXX_LIBRARY</key>
				<string>libc++</string>
				<key>CLANG_ENABLE_MODULES</key>
				<string>YES</string>
				<key>CLANG_ENABLE_OBJC_ARC</key>
				<string>YES</string>
				<key>CLANG_WARN_BOOL_CONVERSION</key>
				<string>YES</string>
				<key>CLANG_WARN_CONSTANT_CONVERSION</key>
				<string>YES</string>
				<key>CLANG_WARN_DIRECT_OBJC_ISA_USAGE</key>
				<string>YES_ERROR</string>
				<key>CLANG_WARN_EMPTY_BODY</key>
				<string>YES</string>
				<key>CLANG_WARN_ENUM_CONVERSION</key>
				<string>YES</string>
				<key>CLANG_WARN_INT_CONVERSION</key>
				<string>YES</string>
				<key>CLANG_WARN_OBJC_ROOT_CLASS</key>
				<string>YES_ERROR</string>
				<key>CLANG_WARN_UNREACHABLE_CODE</key>
				<string>YES</string>
				<key>CLANG_WARN__DUPLICATE_METHOD_MATCH</key>
				<string>YES</string>
				<key>CODE_SIGN_IDENTITY[sdk=iphoneos*]</key>
				<string>iPhone Developer</string>
				<key>COPY_PHASE_STRIP</key>
				<string>NO</string>
				<key>CURRENT_PROJECT_VERSION</key>
				<string>2</string>
				<key>ENABLE_STRICT_OBJC_MSGSEND</key>
				<string>YES</string>
				<key>GCC_C_LANGUAGE_STANDARD</key>
				<string>gnu99</string>
				<key>GCC_DYNAMIC_NO_PIC</key>
				<string>NO</string>
				<key>GCC_OPTIMIZATION_LEVEL</key>
				<string>0</string>
				<key>GCC_PREPROCESSOR_DEFINITIONS</key>
				<array>
					<string>DEBUG=1</string>
					<string>$(inherited)</string>
				</array>
				<key>GCC_SYMBOLS_PRIVATE_EXTERN</key>
				<string>NO</string>
				<key>GCC_WARN_64_TO_32_BIT_CONVERSION</key>
				<string>YES</string>
				<key>GCC_WARN_ABOUT_RETURN_TYPE</key>
				<string>YES_ERROR</string>
				<key>GCC_WARN_UNDECLARED_SELECTOR</key>
				<string>YES</string>
				<key>GCC_WARN_UNINITIALIZED_AUTOS</key>
				<string>YES_AGGRESSIVE</string>
				<key>GCC_WARN_UNUSED_FUNCTION</key>
				<string>YES</string>
				<key>GCC_WARN_UNUSED_VARIABLE</key>
				<string>YES</string>
				<key>IPHONEOS_DEPLOYMENT_TARGET</key>
				<string>7.0</string>
				<key>ISH_BUNDLE_VERSION</key>
				<string>0</string>
				<key>ISH_BUNDLE_VERSION_MAJOR</key>
				<string>0</string>
				<key>ISH_BUNDLE_VERSION_MINOR</key>
				<string>5</string>
				<key>ISH_BUNDLE_VERSION_SHORT</key>
				<string>${ISH_BUNDLE_VERSION_MAJOR}.${ISH_BUNDLE_VERSION_MINOR}.${ISH_BUNDLE_VERSION}</string>
				<key>METAL_ENABLE_DEBUG_INFO</key>
				<string>YES</string>
				<key>ONLY_ACTIVE_ARCH</key>
				<string>YES</string>
				<key>SDKROOT</key>
				<string>iphoneos</string>
				<key>TARGETED_DEVICE_FAMILY</key>
				<string>1,2</string>
				<key>VERSIONING_SYSTEM</key>
				<string>apple-generic</string>
				<key>VERSION_INFO_PREFIX</key>
				<string></string>
			</dict>
			<key>isa</key>
			<string>XCBuildConfiguration</string>
			<key>name</key>
			<string>Debug</string>
		</dict>
		<key>DCC1BFBA195B174200362559</key>
		<dict>
			<key>buildSettings</key>
			<dict>
				<key>ALWAYS_SEARCH_USER_PATHS</key>
				<string>NO</string>
				<key>CLANG_CXX_LANGUAGE_STANDARD</key>
				<string>gnu++0x</string>
				<key>CLANG_CXX_LIBRARY</key>
				<string>libc++</string>
				<key>CLANG_ENABLE_MODULES</key>
				<string>YES</string>
				<key>CLANG_ENABLE_OBJC_ARC</key>
				<string>YES</string>
				<key>CLANG_WARN_BOOL_CONVERSION</key>
				<string>YES</string>
				<key>CLANG_WARN_CONSTANT_CONVERSION</key>
				<string>YES</string>
				<key>CLANG_WARN_DIRECT_OBJC_ISA_USAGE</key>
				<string>YES_ERROR</string>
				<key>CLANG_WARN_EMPTY_BODY</key>
				<string>YES</string>
				<key>CLANG_WARN_ENUM_CONVERSION</key>
				<string>YES</string>
				<key>CLANG_WARN_INT_CONVERSION</key>
				<string>YES</string>
				<key>CLANG_WARN_OBJC_ROOT_CLASS</key>
				<string>YES_ERROR</string>
				<key>CLANG_WARN_UNREACHABLE_CODE</key>
				<string>YES</string>
				<key>CLANG_WARN__DUPLICATE_METHOD_MATCH</key>
				<string>YES</string>
				<key>CODE_SIGN_IDENTITY[sdk=iphoneos*]</key>
				<string>iPhone Developer</string>
				<key>COPY_PHASE_STRIP</key>
				<string>YES</string>
				<key>CURRENT_PROJECT_VERSION</key>
				<string>2</string>
				<key>ENABLE_NS_ASSERTIONS</key>
				<string>NO</string>
				<key>ENABLE_STRICT_OBJC_MSGSEND</key>
				<string>YES</string>
				<key>GCC_C_LANGUAGE_STANDARD</key>
				<string>gnu99</string>
				<key>GCC_WARN_64_TO_32_BIT_CONVERSION</key>
				<string>YES</string>
				<key>GCC_WARN_ABOUT_RETURN_TYPE</key>
				<string>YES_ERROR</string>
				<key>GCC_WARN_UNDECLARED_SELECTOR</key>
				<string>YES</string>
				<key>GCC_WARN_UNINITIALIZED_AUTOS</key>
				<string>YES_AGGRESSIVE</string>
				<key>GCC_WARN_UNUSED_FUNCTION</key>
				<string>YES</string>
				<key>GCC_WARN_UNUSED_VARIABLE</key>
				<string>YES</string>
				<key>IPHONEOS_DEPLOYMENT_TARGET</key>
				<string>7.0</string>
				<key>ISH_BUNDLE_VERSION</key>
				<string>0</string>
				<key>ISH_BUNDLE_VERSION_MAJOR</key>
				<string>0</string>
				<key>ISH_BUNDLE_VERSION_MINOR</key>
				<string>5</string>
				<key>ISH_BUNDLE_VERSION_SHORT</key>
				<string>${ISH_BUNDLE_VERSION_MAJOR}.${ISH_BUNDLE_VERSION_MINOR}.${ISH_BUNDLE_VERSION}</string>
				<key>METAL_ENABLE_DEBUG_INFO</key>
				<string>NO</string>
				<key>SDKROOT</key>
				<string>iphoneos</string>
				<key>TARGETED_DEVICE_FAMILY</key>
				<string>1,2</string>
				<key>VALIDATE_PRODUCT</key>
				<string>YES</string>
				<key>VERSIONING_SYSTEM</key>
				<string>apple-generic</string>
				<key>VERSION_INFO_PREFIX</key>
				<string></string>
			</dict>
			<key>isa</key>
			<string>XCBuildConfiguration</string>
			<key>name</key>
			<string>Release</string>
		</dict>
		<key>DCC1BFBB195B174200362559</key>
		<dict>
			<key>buildConfigurations</key>
			<array>
				<string>DCC1BFBC195B174200362559</string>
				<string>DCC1BFBD195B174200362559</string>
			</array>
			<key>defaultConfigurationIsVisible</key>
			<string>0</string>
			<key>defaultConfigurationName</key>
			<string>Release</string>
			<key>isa</key>
			<string>XCConfigurationList</string>
		</dict>
		<key>DCC1BFBC195B174200362559</key>
		<dict>
			<key>buildSettings</key>
			<dict>
				<key>CURRENT_PROJECT_VERSION</key>
				<string>${ISH_BUNDLE_VERSION_SHORT}</string>
				<key>DEFINES_MODULE</key>
				<string>YES</string>
				<key>DYLIB_COMPATIBILITY_VERSION</key>
				<string>${ISH_BUNDLE_VERSION_SHORT}</string>
				<key>DYLIB_CURRENT_VERSION</key>
				<string>${ISH_BUNDLE_VERSION_SHORT}</string>
				<key>DYLIB_INSTALL_NAME_BASE</key>
				<string>@rpath</string>
				<key>FRAMEWORK_VERSION</key>
				<string>${ISH_BUNDLE_VERSION_SHORT}</string>
				<key>INFOPLIST_FILE</key>
				<string>ISHPermissionKit/Info.plist</string>
				<key>INSTALL_PATH</key>
				<string>$(LOCAL_LIBRARY_DIR)/Frameworks</string>
				<key>IPHONEOS_DEPLOYMENT_TARGET</key>
				<string>8.0</string>
				<key>LD_RUNPATH_SEARCH_PATHS</key>
				<string>$(inherited) @executable_path/Frameworks @loader_path/Frameworks</string>
				<key>PRODUCT_NAME</key>
				<string>$(TARGET_NAME)</string>
				<key>SKIP_INSTALL</key>
				<string>YES</string>
			</dict>
			<key>isa</key>
			<string>XCBuildConfiguration</string>
			<key>name</key>
			<string>Debug</string>
		</dict>
		<key>DCC1BFBD195B174200362559</key>
		<dict>
			<key>buildSettings</key>
			<dict>
				<key>CURRENT_PROJECT_VERSION</key>
				<string>${ISH_BUNDLE_VERSION_SHORT}</string>
				<key>DEFINES_MODULE</key>
				<string>YES</string>
				<key>DYLIB_COMPATIBILITY_VERSION</key>
				<string>${ISH_BUNDLE_VERSION_SHORT}</string>
				<key>DYLIB_CURRENT_VERSION</key>
				<string>${ISH_BUNDLE_VERSION_SHORT}</string>
				<key>DYLIB_INSTALL_NAME_BASE</key>
				<string>@rpath</string>
				<key>FRAMEWORK_VERSION</key>
				<string>${ISH_BUNDLE_VERSION_SHORT}</string>
				<key>INFOPLIST_FILE</key>
				<string>ISHPermissionKit/Info.plist</string>
				<key>INSTALL_PATH</key>
				<string>$(LOCAL_LIBRARY_DIR)/Frameworks</string>
				<key>IPHONEOS_DEPLOYMENT_TARGET</key>
				<string>8.0</string>
				<key>LD_RUNPATH_SEARCH_PATHS</key>
				<string>$(inherited) @executable_path/Frameworks @loader_path/Frameworks</string>
				<key>PRODUCT_NAME</key>
				<string>$(TARGET_NAME)</string>
				<key>SKIP_INSTALL</key>
				<string>YES</string>
			</dict>
			<key>isa</key>
			<string>XCBuildConfiguration</string>
			<key>name</key>
			<string>Release</string>
		</dict>
		<key>DCC1BFBE195B174200362559</key>
		<dict>
			<key>buildConfigurations</key>
			<array>
				<string>DCC1BFBF195B174200362559</string>
				<string>DCC1BFC0195B174200362559</string>
			</array>
			<key>defaultConfigurationIsVisible</key>
			<string>0</string>
			<key>defaultConfigurationName</key>
			<string>Release</string>
			<key>isa</key>
			<string>XCConfigurationList</string>
		</dict>
		<key>DCC1BFBF195B174200362559</key>
		<dict>
			<key>buildSettings</key>
			<dict>
				<key>FRAMEWORK_SEARCH_PATHS</key>
				<array>
					<string>$(SDKROOT)/Developer/Library/Frameworks</string>
					<string>$(inherited)</string>
				</array>
				<key>GCC_PREPROCESSOR_DEFINITIONS</key>
				<array>
					<string>DEBUG=1</string>
					<string>$(inherited)</string>
				</array>
				<key>INFOPLIST_FILE</key>
				<string>ISHPermissionKitTests/Info.plist</string>
				<key>LD_RUNPATH_SEARCH_PATHS</key>
				<string>$(inherited) @executable_path/Frameworks @loader_path/Frameworks</string>
				<key>METAL_ENABLE_DEBUG_INFO</key>
				<string>YES</string>
				<key>PRODUCT_NAME</key>
				<string>$(TARGET_NAME)</string>
			</dict>
			<key>isa</key>
			<string>XCBuildConfiguration</string>
			<key>name</key>
			<string>Debug</string>
		</dict>
		<key>DCC1BFC0195B174200362559</key>
		<dict>
			<key>buildSettings</key>
			<dict>
				<key>FRAMEWORK_SEARCH_PATHS</key>
				<array>
					<string>$(SDKROOT)/Developer/Library/Frameworks</string>
					<string>$(inherited)</string>
				</array>
				<key>INFOPLIST_FILE</key>
				<string>ISHPermissionKitTests/Info.plist</string>
				<key>LD_RUNPATH_SEARCH_PATHS</key>
				<string>$(inherited) @executable_path/Frameworks @loader_path/Frameworks</string>
				<key>METAL_ENABLE_DEBUG_INFO</key>
				<string>NO</string>
				<key>PRODUCT_NAME</key>
				<string>$(TARGET_NAME)</string>
			</dict>
			<key>isa</key>
			<string>XCBuildConfiguration</string>
			<key>name</key>
			<string>Release</string>
		</dict>
		<key>DCC1BFC1195B176E00362559</key>
		<dict>
			<key>buildActionMask</key>
			<string>2147483647</string>
			<key>files</key>
			<array>
				<string>DCC1BFCD195B176E00362559</string>
				<string>DCF18617195C2B1B00CC155E</string>
				<string>DCC1BFCA195B176E00362559</string>
			</array>
			<key>isa</key>
			<string>PBXSourcesBuildPhase</string>
			<key>runOnlyForDeploymentPostprocessing</key>
			<string>0</string>
		</dict>
		<key>DCC1BFC2195B176E00362559</key>
		<dict>
			<key>buildActionMask</key>
			<string>2147483647</string>
			<key>files</key>
			<array>
				<string>DCAEF7E7195C60340074EB5B</string>
			</array>
			<key>isa</key>
			<string>PBXFrameworksBuildPhase</string>
			<key>runOnlyForDeploymentPostprocessing</key>
			<string>0</string>
		</dict>
		<key>DCC1BFC3195B176E00362559</key>
		<dict>
			<key>buildActionMask</key>
			<string>2147483647</string>
			<key>files</key>
			<array>
				<string>DCF18618195C2B1B00CC155E</string>
				<string>DCC1BFCF195B176E00362559</string>
			</array>
			<key>isa</key>
			<string>PBXResourcesBuildPhase</string>
			<key>runOnlyForDeploymentPostprocessing</key>
			<string>0</string>
		</dict>
		<key>DCC1BFC4195B176E00362559</key>
		<dict>
			<key>buildConfigurationList</key>
			<string>DCC1BFDC195B176E00362559</string>
			<key>buildPhases</key>
			<array>
				<string>DCC1BFC1195B176E00362559</string>
				<string>DCC1BFC2195B176E00362559</string>
				<string>DCC1BFC3195B176E00362559</string>
			</array>
			<key>buildRules</key>
			<array/>
			<key>dependencies</key>
			<array>
				<string>DCAEF7E9195C603F0074EB5B</string>
			</array>
			<key>isa</key>
			<string>PBXNativeTarget</string>
			<key>name</key>
			<string>PermissionsTestApp</string>
			<key>productName</key>
			<string>PermissionsTestApp</string>
			<key>productReference</key>
			<string>DCC1BFC5195B176E00362559</string>
			<key>productType</key>
			<string>com.apple.product-type.application</string>
		</dict>
		<key>DCC1BFC5195B176E00362559</key>
		<dict>
			<key>explicitFileType</key>
			<string>wrapper.application</string>
			<key>includeInIndex</key>
			<string>0</string>
			<key>isa</key>
			<string>PBXFileReference</string>
			<key>path</key>
			<string>PermissionsTestApp.app</string>
			<key>sourceTree</key>
			<string>BUILT_PRODUCTS_DIR</string>
		</dict>
		<key>DCC1BFC6195B176E00362559</key>
		<dict>
			<key>children</key>
			<array>
				<string>DCC1BFCB195B176E00362559</string>
				<string>DCC1BFCC195B176E00362559</string>
				<string>DCC1BFCE195B176E00362559</string>
				<string>DCC1BFC7195B176E00362559</string>
				<string>DCF18614195C2B1B00CC155E</string>
				<string>DCF18615195C2B1B00CC155E</string>
				<string>DCF18616195C2B1B00CC155E</string>
			</array>
			<key>isa</key>
			<string>PBXGroup</string>
			<key>path</key>
			<string>PermissionsTestApp</string>
			<key>sourceTree</key>
			<string>&lt;group&gt;</string>
		</dict>
		<key>DCC1BFC7195B176E00362559</key>
		<dict>
			<key>children</key>
			<array>
				<string>DCC1BFC8195B176E00362559</string>
				<string>DCC1BFC9195B176E00362559</string>
			</array>
			<key>isa</key>
			<string>PBXGroup</string>
			<key>name</key>
			<string>Supporting Files</string>
			<key>sourceTree</key>
			<string>&lt;group&gt;</string>
		</dict>
		<key>DCC1BFC8195B176E00362559</key>
		<dict>
			<key>isa</key>
			<string>PBXFileReference</string>
			<key>lastKnownFileType</key>
			<string>text.plist.xml</string>
			<key>path</key>
			<string>Info.plist</string>
			<key>sourceTree</key>
			<string>&lt;group&gt;</string>
		</dict>
		<key>DCC1BFC9195B176E00362559</key>
		<dict>
			<key>isa</key>
			<string>PBXFileReference</string>
			<key>lastKnownFileType</key>
			<string>sourcecode.c.objc</string>
			<key>path</key>
			<string>main.m</string>
			<key>sourceTree</key>
			<string>&lt;group&gt;</string>
		</dict>
		<key>DCC1BFCA195B176E00362559</key>
		<dict>
			<key>fileRef</key>
			<string>DCC1BFC9195B176E00362559</string>
			<key>isa</key>
			<string>PBXBuildFile</string>
		</dict>
		<key>DCC1BFCB195B176E00362559</key>
		<dict>
			<key>isa</key>
			<string>PBXFileReference</string>
			<key>lastKnownFileType</key>
			<string>sourcecode.c.h</string>
			<key>path</key>
			<string>AppDelegate.h</string>
			<key>sourceTree</key>
			<string>&lt;group&gt;</string>
		</dict>
		<key>DCC1BFCC195B176E00362559</key>
		<dict>
			<key>isa</key>
			<string>PBXFileReference</string>
			<key>lastKnownFileType</key>
			<string>sourcecode.c.objc</string>
			<key>path</key>
			<string>AppDelegate.m</string>
			<key>sourceTree</key>
			<string>&lt;group&gt;</string>
		</dict>
		<key>DCC1BFCD195B176E00362559</key>
		<dict>
			<key>fileRef</key>
			<string>DCC1BFCC195B176E00362559</string>
			<key>isa</key>
			<string>PBXBuildFile</string>
		</dict>
		<key>DCC1BFCE195B176E00362559</key>
		<dict>
			<key>isa</key>
			<string>PBXFileReference</string>
			<key>lastKnownFileType</key>
			<string>folder.assetcatalog</string>
			<key>path</key>
			<string>Images.xcassets</string>
			<key>sourceTree</key>
			<string>&lt;group&gt;</string>
		</dict>
		<key>DCC1BFCF195B176E00362559</key>
		<dict>
			<key>fileRef</key>
			<string>DCC1BFCE195B176E00362559</string>
			<key>isa</key>
			<string>PBXBuildFile</string>
		</dict>
		<key>DCC1BFDC195B176E00362559</key>
		<dict>
			<key>buildConfigurations</key>
			<array>
				<string>DCC1BFDD195B176E00362559</string>
				<string>DCC1BFDE195B176E00362559</string>
			</array>
			<key>defaultConfigurationIsVisible</key>
			<string>0</string>
			<key>defaultConfigurationName</key>
			<string>Release</string>
			<key>isa</key>
			<string>XCConfigurationList</string>
		</dict>
		<key>DCC1BFDD195B176E00362559</key>
		<dict>
			<key>buildSettings</key>
			<dict>
				<key>ASSETCATALOG_COMPILER_APPICON_NAME</key>
				<string>AppIcon</string>
				<key>ASSETCATALOG_COMPILER_LAUNCHIMAGE_NAME</key>
				<string>LaunchImage</string>
				<key>GCC_PREPROCESSOR_DEFINITIONS</key>
				<array>
					<string>DEBUG=1</string>
					<string>$(inherited)</string>
				</array>
				<key>INFOPLIST_FILE</key>
				<string>PermissionsTestApp/Info.plist</string>
				<key>LD_RUNPATH_SEARCH_PATHS</key>
				<string>$(inherited) @executable_path/Frameworks</string>
				<key>METAL_ENABLE_DEBUG_INFO</key>
				<string>YES</string>
				<key>OTHER_LDFLAGS</key>
				<string>-ObjC</string>
				<key>PRODUCT_NAME</key>
				<string>$(TARGET_NAME)</string>
			</dict>
			<key>isa</key>
			<string>XCBuildConfiguration</string>
			<key>name</key>
			<string>Debug</string>
		</dict>
		<key>DCC1BFDE195B176E00362559</key>
		<dict>
			<key>buildSettings</key>
			<dict>
				<key>ASSETCATALOG_COMPILER_APPICON_NAME</key>
				<string>AppIcon</string>
				<key>ASSETCATALOG_COMPILER_LAUNCHIMAGE_NAME</key>
				<string>LaunchImage</string>
				<key>INFOPLIST_FILE</key>
				<string>PermissionsTestApp/Info.plist</string>
				<key>LD_RUNPATH_SEARCH_PATHS</key>
				<string>$(inherited) @executable_path/Frameworks</string>
				<key>METAL_ENABLE_DEBUG_INFO</key>
				<string>NO</string>
				<key>OTHER_LDFLAGS</key>
				<string>-ObjC</string>
				<key>PRODUCT_NAME</key>
				<string>$(TARGET_NAME)</string>
			</dict>
			<key>isa</key>
			<string>XCBuildConfiguration</string>
			<key>name</key>
			<string>Release</string>
		</dict>
		<key>DCD56C761962AEDC00508F4A</key>
		<dict>
			<key>fileEncoding</key>
			<string>4</string>
			<key>isa</key>
			<string>PBXFileReference</string>
			<key>lastKnownFileType</key>
			<string>sourcecode.c.h</string>
			<key>path</key>
			<string>ISHPermissionRequestAccount.h</string>
			<key>sourceTree</key>
			<string>&lt;group&gt;</string>
		</dict>
		<key>DCD56C771962AEDC00508F4A</key>
		<dict>
			<key>fileEncoding</key>
			<string>4</string>
			<key>isa</key>
			<string>PBXFileReference</string>
			<key>lastKnownFileType</key>
			<string>sourcecode.c.objc</string>
			<key>path</key>
			<string>ISHPermissionRequestAccount.m</string>
			<key>sourceTree</key>
			<string>&lt;group&gt;</string>
		</dict>
		<key>DCD56C781962AEDC00508F4A</key>
		<dict>
			<key>fileRef</key>
			<string>DCD56C761962AEDC00508F4A</string>
			<key>isa</key>
			<string>PBXBuildFile</string>
			<key>settings</key>
			<dict>
				<key>ATTRIBUTES</key>
				<array>
					<string>Public</string>
				</array>
			</dict>
		</dict>
		<key>DCD56C791962AEDC00508F4A</key>
		<dict>
			<key>fileRef</key>
			<string>DCD56C771962AEDC00508F4A</string>
			<key>isa</key>
			<string>PBXBuildFile</string>
		</dict>
		<key>DCD56C7A1962AEDC00508F4A</key>
		<dict>
			<key>fileRef</key>
			<string>DCD56C771962AEDC00508F4A</string>
			<key>isa</key>
			<string>PBXBuildFile</string>
		</dict>
		<key>DCF18614195C2B1B00CC155E</key>
		<dict>
			<key>fileEncoding</key>
			<string>4</string>
			<key>isa</key>
			<string>PBXFileReference</string>
			<key>lastKnownFileType</key>
			<string>sourcecode.c.h</string>
			<key>path</key>
			<string>SamplePermissionViewController.h</string>
			<key>sourceTree</key>
			<string>&lt;group&gt;</string>
		</dict>
		<key>DCF18615195C2B1B00CC155E</key>
		<dict>
			<key>fileEncoding</key>
			<string>4</string>
			<key>isa</key>
			<string>PBXFileReference</string>
			<key>lastKnownFileType</key>
			<string>sourcecode.c.objc</string>
			<key>path</key>
			<string>SamplePermissionViewController.m</string>
			<key>sourceTree</key>
			<string>&lt;group&gt;</string>
		</dict>
		<key>DCF18616195C2B1B00CC155E</key>
		<dict>
			<key>fileEncoding</key>
			<string>4</string>
			<key>isa</key>
			<string>PBXFileReference</string>
			<key>lastKnownFileType</key>
			<string>file.xib</string>
			<key>path</key>
			<string>SamplePermissionViewController.xib</string>
			<key>sourceTree</key>
			<string>&lt;group&gt;</string>
		</dict>
		<key>DCF18617195C2B1B00CC155E</key>
		<dict>
			<key>fileRef</key>
			<string>DCF18615195C2B1B00CC155E</string>
			<key>isa</key>
			<string>PBXBuildFile</string>
		</dict>
		<key>DCF18618195C2B1B00CC155E</key>
		<dict>
			<key>fileRef</key>
			<string>DCF18616195C2B1B00CC155E</string>
			<key>isa</key>
			<string>PBXBuildFile</string>
		</dict>
	</dict>
	<key>rootObject</key>
	<string>DCC1BF9C195B174200362559</string>
</dict>
</plist>
